// !$*UTF8*$!
{
	archiveVersion = 1;
	classes = {
	};
	objectVersion = 46;
	objects = {

/* Begin PBXBuildFile section */
		389FEF431F43553100E658DA /* AppDelegate.swift in Sources */ = {isa = PBXBuildFile; fileRef = 389FEF421F43553100E658DA /* AppDelegate.swift */; };
		389FEF451F43553100E658DA /* ViewController.swift in Sources */ = {isa = PBXBuildFile; fileRef = 389FEF441F43553100E658DA /* ViewController.swift */; };
		389FEF481F43553100E658DA /* Main.storyboard in Resources */ = {isa = PBXBuildFile; fileRef = 389FEF461F43553100E658DA /* Main.storyboard */; };
		389FEF4A1F43553100E658DA /* Assets.xcassets in Resources */ = {isa = PBXBuildFile; fileRef = 389FEF491F43553100E658DA /* Assets.xcassets */; };
		389FEF4D1F43553100E658DA /* LaunchScreen.storyboard in Resources */ = {isa = PBXBuildFile; fileRef = 389FEF4B1F43553100E658DA /* LaunchScreen.storyboard */; };
		389FEF581F43553100E658DA /* UITestingWinegardTests.swift in Sources */ = {isa = PBXBuildFile; fileRef = 389FEF571F43553100E658DA /* UITestingWinegardTests.swift */; };
		389FEF631F43553100E658DA /* UITestingWinegardUITests.swift in Sources */ = {isa = PBXBuildFile; fileRef = 389FEF621F43553100E658DA /* UITestingWinegardUITests.swift */; };
		389FEF721F43560E00E658DA /* downArrowWhite.png in Resources */ = {isa = PBXBuildFile; fileRef = 389FEF711F43560E00E658DA /* downArrowWhite.png */; };
		389FEF751F436B4600E658DA /* fileSelectionArrowUp.png in Resources */ = {isa = PBXBuildFile; fileRef = 389FEF731F436B4500E658DA /* fileSelectionArrowUp.png */; };
		389FEF761F436B4600E658DA /* fileSelectionArrowDown.png in Resources */ = {isa = PBXBuildFile; fileRef = 389FEF741F436B4500E658DA /* fileSelectionArrowDown.png */; };
/* End PBXBuildFile section */

/* Begin PBXContainerItemProxy section */
		389FEF541F43553100E658DA /* PBXContainerItemProxy */ = {
			isa = PBXContainerItemProxy;
			containerPortal = 389FEF371F43553100E658DA /* Project object */;
			proxyType = 1;
			remoteGlobalIDString = 389FEF3E1F43553100E658DA;
			remoteInfo = UITestingWinegard;
		};
		389FEF5F1F43553100E658DA /* PBXContainerItemProxy */ = {
			isa = PBXContainerItemProxy;
			containerPortal = 389FEF371F43553100E658DA /* Project object */;
			proxyType = 1;
			remoteGlobalIDString = 389FEF3E1F43553100E658DA;
			remoteInfo = UITestingWinegard;
		};
/* End PBXContainerItemProxy section */

/* Begin PBXFileReference section */
		389FEF3F1F43553100E658DA /* UITestingWinegard.app */ = {isa = PBXFileReference; explicitFileType = wrapper.application; includeInIndex = 0; path = UITestingWinegard.app; sourceTree = BUILT_PRODUCTS_DIR; };
		389FEF421F43553100E658DA /* AppDelegate.swift */ = {isa = PBXFileReference; lastKnownFileType = sourcecode.swift; path = AppDelegate.swift; sourceTree = "<group>"; };
		389FEF441F43553100E658DA /* ViewController.swift */ = {isa = PBXFileReference; lastKnownFileType = sourcecode.swift; path = ViewController.swift; sourceTree = "<group>"; };
		389FEF471F43553100E658DA /* Base */ = {isa = PBXFileReference; lastKnownFileType = file.storyboard; name = Base; path = Base.lproj/Main.storyboard; sourceTree = "<group>"; };
		389FEF491F43553100E658DA /* Assets.xcassets */ = {isa = PBXFileReference; lastKnownFileType = folder.assetcatalog; path = Assets.xcassets; sourceTree = "<group>"; };
		389FEF4C1F43553100E658DA /* Base */ = {isa = PBXFileReference; lastKnownFileType = file.storyboard; name = Base; path = Base.lproj/LaunchScreen.storyboard; sourceTree = "<group>"; };
		389FEF4E1F43553100E658DA /* Info.plist */ = {isa = PBXFileReference; lastKnownFileType = text.plist.xml; path = Info.plist; sourceTree = "<group>"; };
		389FEF531F43553100E658DA /* UITestingWinegardTests.xctest */ = {isa = PBXFileReference; explicitFileType = wrapper.cfbundle; includeInIndex = 0; path = UITestingWinegardTests.xctest; sourceTree = BUILT_PRODUCTS_DIR; };
		389FEF571F43553100E658DA /* UITestingWinegardTests.swift */ = {isa = PBXFileReference; lastKnownFileType = sourcecode.swift; path = UITestingWinegardTests.swift; sourceTree = "<group>"; };
		389FEF591F43553100E658DA /* Info.plist */ = {isa = PBXFileReference; lastKnownFileType = text.plist.xml; path = Info.plist; sourceTree = "<group>"; };
		389FEF5E1F43553100E658DA /* UITestingWinegardUITests.xctest */ = {isa = PBXFileReference; explicitFileType = wrapper.cfbundle; includeInIndex = 0; path = UITestingWinegardUITests.xctest; sourceTree = BUILT_PRODUCTS_DIR; };
		389FEF621F43553100E658DA /* UITestingWinegardUITests.swift */ = {isa = PBXFileReference; lastKnownFileType = sourcecode.swift; path = UITestingWinegardUITests.swift; sourceTree = "<group>"; };
		389FEF641F43553100E658DA /* Info.plist */ = {isa = PBXFileReference; lastKnownFileType = text.plist.xml; path = Info.plist; sourceTree = "<group>"; };
		389FEF711F43560E00E658DA /* downArrowWhite.png */ = {isa = PBXFileReference; lastKnownFileType = image.png; name = downArrowWhite.png; path = ../../RAZR/Graphics/downArrowWhite.png; sourceTree = "<group>"; };
		389FEF731F436B4500E658DA /* fileSelectionArrowUp.png */ = {isa = PBXFileReference; lastKnownFileType = image.png; name = fileSelectionArrowUp.png; path = ../../RAZR/Graphics/fileSelectionArrowUp.png; sourceTree = "<group>"; };
		389FEF741F436B4500E658DA /* fileSelectionArrowDown.png */ = {isa = PBXFileReference; lastKnownFileType = image.png; name = fileSelectionArrowDown.png; path = ../../RAZR/Graphics/fileSelectionArrowDown.png; sourceTree = "<group>"; };
/* End PBXFileReference section */

/* Begin PBXFrameworksBuildPhase section */
		389FEF3C1F43553100E658DA /* Frameworks */ = {
			isa = PBXFrameworksBuildPhase;
			buildActionMask = 2147483647;
			files = (
			);
			runOnlyForDeploymentPostprocessing = 0;
		};
		389FEF501F43553100E658DA /* Frameworks */ = {
			isa = PBXFrameworksBuildPhase;
			buildActionMask = 2147483647;
			files = (
			);
			runOnlyForDeploymentPostprocessing = 0;
		};
		389FEF5B1F43553100E658DA /* Frameworks */ = {
			isa = PBXFrameworksBuildPhase;
			buildActionMask = 2147483647;
			files = (
			);
			runOnlyForDeploymentPostprocessing = 0;
		};
/* End PBXFrameworksBuildPhase section */

/* Begin PBXGroup section */
		389FEF361F43553100E658DA = {
			isa = PBXGroup;
			children = (
				389FEF411F43553100E658DA /* UITestingWinegard */,
				389FEF561F43553100E658DA /* UITestingWinegardTests */,
				389FEF611F43553100E658DA /* UITestingWinegardUITests */,
				389FEF401F43553100E658DA /* Products */,
			);
			sourceTree = "<group>";
		};
		389FEF401F43553100E658DA /* Products */ = {
			isa = PBXGroup;
			children = (
				389FEF3F1F43553100E658DA /* UITestingWinegard.app */,
				389FEF531F43553100E658DA /* UITestingWinegardTests.xctest */,
				389FEF5E1F43553100E658DA /* UITestingWinegardUITests.xctest */,
			);
			name = Products;
			sourceTree = "<group>";
		};
		389FEF411F43553100E658DA /* UITestingWinegard */ = {
			isa = PBXGroup;
			children = (
				389FEF701F4355DB00E658DA /* images */,
				389FEF421F43553100E658DA /* AppDelegate.swift */,
				389FEF441F43553100E658DA /* ViewController.swift */,
				389FEF461F43553100E658DA /* Main.storyboard */,
				389FEF491F43553100E658DA /* Assets.xcassets */,
				389FEF4B1F43553100E658DA /* LaunchScreen.storyboard */,
				389FEF4E1F43553100E658DA /* Info.plist */,
			);
			path = UITestingWinegard;
			sourceTree = "<group>";
		};
		389FEF561F43553100E658DA /* UITestingWinegardTests */ = {
			isa = PBXGroup;
			children = (
				389FEF571F43553100E658DA /* UITestingWinegardTests.swift */,
				389FEF591F43553100E658DA /* Info.plist */,
			);
			path = UITestingWinegardTests;
			sourceTree = "<group>";
		};
		389FEF611F43553100E658DA /* UITestingWinegardUITests */ = {
			isa = PBXGroup;
			children = (
				389FEF621F43553100E658DA /* UITestingWinegardUITests.swift */,
				389FEF641F43553100E658DA /* Info.plist */,
			);
			path = UITestingWinegardUITests;
			sourceTree = "<group>";
		};
		389FEF701F4355DB00E658DA /* images */ = {
			isa = PBXGroup;
			children = (
				389FEF731F436B4500E658DA /* fileSelectionArrowUp.png */,
				389FEF741F436B4500E658DA /* fileSelectionArrowDown.png */,
				389FEF711F43560E00E658DA /* downArrowWhite.png */,
			);
			name = images;
			sourceTree = "<group>";
		};
/* End PBXGroup section */

/* Begin PBXNativeTarget section */
		389FEF3E1F43553100E658DA /* UITestingWinegard */ = {
			isa = PBXNativeTarget;
			buildConfigurationList = 389FEF671F43553100E658DA /* Build configuration list for PBXNativeTarget "UITestingWinegard" */;
			buildPhases = (
				389FEF3B1F43553100E658DA /* Sources */,
				389FEF3C1F43553100E658DA /* Frameworks */,
				389FEF3D1F43553100E658DA /* Resources */,
			);
			buildRules = (
			);
			dependencies = (
			);
			name = UITestingWinegard;
			productName = UITestingWinegard;
			productReference = 389FEF3F1F43553100E658DA /* UITestingWinegard.app */;
			productType = "com.apple.product-type.application";
		};
		389FEF521F43553100E658DA /* UITestingWinegardTests */ = {
			isa = PBXNativeTarget;
			buildConfigurationList = 389FEF6A1F43553100E658DA /* Build configuration list for PBXNativeTarget "UITestingWinegardTests" */;
			buildPhases = (
				389FEF4F1F43553100E658DA /* Sources */,
				389FEF501F43553100E658DA /* Frameworks */,
				389FEF511F43553100E658DA /* Resources */,
			);
			buildRules = (
			);
			dependencies = (
				389FEF551F43553100E658DA /* PBXTargetDependency */,
			);
			name = UITestingWinegardTests;
			productName = UITestingWinegardTests;
			productReference = 389FEF531F43553100E658DA /* UITestingWinegardTests.xctest */;
			productType = "com.apple.product-type.bundle.unit-test";
		};
		389FEF5D1F43553100E658DA /* UITestingWinegardUITests */ = {
			isa = PBXNativeTarget;
			buildConfigurationList = 389FEF6D1F43553100E658DA /* Build configuration list for PBXNativeTarget "UITestingWinegardUITests" */;
			buildPhases = (
				389FEF5A1F43553100E658DA /* Sources */,
				389FEF5B1F43553100E658DA /* Frameworks */,
				389FEF5C1F43553100E658DA /* Resources */,
			);
			buildRules = (
			);
			dependencies = (
				389FEF601F43553100E658DA /* PBXTargetDependency */,
			);
			name = UITestingWinegardUITests;
			productName = UITestingWinegardUITests;
			productReference = 389FEF5E1F43553100E658DA /* UITestingWinegardUITests.xctest */;
			productType = "com.apple.product-type.bundle.ui-testing";
		};
/* End PBXNativeTarget section */

/* Begin PBXProject section */
		389FEF371F43553100E658DA /* Project object */ = {
			isa = PBXProject;
			attributes = {
				LastSwiftUpdateCheck = 0830;
				LastUpgradeCheck = 0830;
				ORGANIZATIONNAME = "Joe Bakalor";
				TargetAttributes = {
					389FEF3E1F43553100E658DA = {
						CreatedOnToolsVersion = 8.3.1;
						DevelopmentTeam = 7NFJS9H6QK;
						ProvisioningStyle = Automatic;
					};
					389FEF521F43553100E658DA = {
						CreatedOnToolsVersion = 8.3.1;
						DevelopmentTeam = 7NFJS9H6QK;
						ProvisioningStyle = Automatic;
						TestTargetID = 389FEF3E1F43553100E658DA;
					};
					389FEF5D1F43553100E658DA = {
						CreatedOnToolsVersion = 8.3.1;
						DevelopmentTeam = 7NFJS9H6QK;
						ProvisioningStyle = Automatic;
						TestTargetID = 389FEF3E1F43553100E658DA;
					};
				};
			};
			buildConfigurationList = 389FEF3A1F43553100E658DA /* Build configuration list for PBXProject "UITestingWinegard" */;
			compatibilityVersion = "Xcode 3.2";
			developmentRegion = English;
			hasScannedForEncodings = 0;
			knownRegions = (
				en,
				Base,
			);
			mainGroup = 389FEF361F43553100E658DA;
			productRefGroup = 389FEF401F43553100E658DA /* Products */;
			projectDirPath = "";
			projectRoot = "";
			targets = (
				389FEF3E1F43553100E658DA /* UITestingWinegard */,
				389FEF521F43553100E658DA /* UITestingWinegardTests */,
				389FEF5D1F43553100E658DA /* UITestingWinegardUITests */,
			);
		};
/* End PBXProject section */

/* Begin PBXResourcesBuildPhase section */
		389FEF3D1F43553100E658DA /* Resources */ = {
			isa = PBXResourcesBuildPhase;
			buildActionMask = 2147483647;
			files = (
				389FEF761F436B4600E658DA /* fileSelectionArrowDown.png in Resources */,
				389FEF4D1F43553100E658DA /* LaunchScreen.storyboard in Resources */,
				389FEF721F43560E00E658DA /* downArrowWhite.png in Resources */,
				389FEF4A1F43553100E658DA /* Assets.xcassets in Resources */,
				389FEF751F436B4600E658DA /* fileSelectionArrowUp.png in Resources */,
				389FEF481F43553100E658DA /* Main.storyboard in Resources */,
			);
			runOnlyForDeploymentPostprocessing = 0;
		};
		389FEF511F43553100E658DA /* Resources */ = {
			isa = PBXResourcesBuildPhase;
			buildActionMask = 2147483647;
			files = (
			);
			runOnlyForDeploymentPostprocessing = 0;
		};
		389FEF5C1F43553100E658DA /* Resources */ = {
			isa = PBXResourcesBuildPhase;
			buildActionMask = 2147483647;
			files = (
			);
			runOnlyForDeploymentPostprocessing = 0;
		};
/* End PBXResourcesBuildPhase section */

/* Begin PBXSourcesBuildPhase section */
		389FEF3B1F43553100E658DA /* Sources */ = {
			isa = PBXSourcesBuildPhase;
			buildActionMask = 2147483647;
			files = (
				389FEF451F43553100E658DA /* ViewController.swift in Sources */,
				389FEF431F43553100E658DA /* AppDelegate.swift in Sources */,
			);
			runOnlyForDeploymentPostprocessing = 0;
		};
		389FEF4F1F43553100E658DA /* Sources */ = {
			isa = PBXSourcesBuildPhase;
			buildActionMask = 2147483647;
			files = (
				389FEF581F43553100E658DA /* UITestingWinegardTests.swift in Sources */,
			);
			runOnlyForDeploymentPostprocessing = 0;
		};
		389FEF5A1F43553100E658DA /* Sources */ = {
			isa = PBXSourcesBuildPhase;
			buildActionMask = 2147483647;
			files = (
				389FEF631F43553100E658DA /* UITestingWinegardUITests.swift in Sources */,
			);
			runOnlyForDeploymentPostprocessing = 0;
		};
/* End PBXSourcesBuildPhase section */

/* Begin PBXTargetDependency section */
		389FEF551F43553100E658DA /* PBXTargetDependency */ = {
			isa = PBXTargetDependency;
			target = 389FEF3E1F43553100E658DA /* UITestingWinegard */;
			targetProxy = 389FEF541F43553100E658DA /* PBXContainerItemProxy */;
		};
		389FEF601F43553100E658DA /* PBXTargetDependency */ = {
			isa = PBXTargetDependency;
			target = 389FEF3E1F43553100E658DA /* UITestingWinegard */;
			targetProxy = 389FEF5F1F43553100E658DA /* PBXContainerItemProxy */;
		};
/* End PBXTargetDependency section */

/* Begin PBXVariantGroup section */
		389FEF461F43553100E658DA /* Main.storyboard */ = {
			isa = PBXVariantGroup;
			children = (
				389FEF471F43553100E658DA /* Base */,
			);
			name = Main.storyboard;
			sourceTree = "<group>";
		};
		389FEF4B1F43553100E658DA /* LaunchScreen.storyboard */ = {
			isa = PBXVariantGroup;
			children = (
				389FEF4C1F43553100E658DA /* Base */,
			);
			name = LaunchScreen.storyboard;
			sourceTree = "<group>";
		};
/* End PBXVariantGroup section */

/* Begin XCBuildConfiguration section */
		389FEF651F43553100E658DA /* Debug */ = {
			isa = XCBuildConfiguration;
			buildSettings = {
				ALWAYS_SEARCH_USER_PATHS = NO;
				CLANG_ANALYZER_NONNULL = YES;
				CLANG_ANALYZER_NUMBER_OBJECT_CONVERSION = YES_AGGRESSIVE;
				CLANG_CXX_LANGUAGE_STANDARD = "gnu++0x";
				CLANG_CXX_LIBRARY = "libc++";
				CLANG_ENABLE_MODULES = YES;
				CLANG_ENABLE_OBJC_ARC = YES;
				CLANG_WARN_BOOL_CONVERSION = YES;
				CLANG_WARN_CONSTANT_CONVERSION = YES;
				CLANG_WARN_DIRECT_OBJC_ISA_USAGE = YES_ERROR;
				CLANG_WARN_DOCUMENTATION_COMMENTS = YES;
				CLANG_WARN_EMPTY_BODY = YES;
				CLANG_WARN_ENUM_CONVERSION = YES;
				CLANG_WARN_INFINITE_RECURSION = YES;
				CLANG_WARN_INT_CONVERSION = YES;
				CLANG_WARN_OBJC_ROOT_CLASS = YES_ERROR;
				CLANG_WARN_SUSPICIOUS_MOVE = YES;
				CLANG_WARN_UNREACHABLE_CODE = YES;
				CLANG_WARN__DUPLICATE_METHOD_MATCH = YES;
				"CODE_SIGN_IDENTITY[sdk=iphoneos*]" = "iPhone Developer";
				COPY_PHASE_STRIP = NO;
				DEBUG_INFORMATION_FORMAT = dwarf;
				ENABLE_STRICT_OBJC_MSGSEND = YES;
				ENABLE_TESTABILITY = YES;
				GCC_C_LANGUAGE_STANDARD = gnu99;
				GCC_DYNAMIC_NO_PIC = NO;
				GCC_NO_COMMON_BLOCKS = YES;
				GCC_OPTIMIZATION_LEVEL = 0;
				GCC_PREPROCESSOR_DEFINITIONS = (
					"DEBUG=1",
					"$(inherited)",
				);
				GCC_WARN_64_TO_32_BIT_CONVERSION = YES;
				GCC_WARN_ABOUT_RETURN_TYPE = YES_ERROR;
				GCC_WARN_UNDECLARED_SELECTOR = YES;
				GCC_WARN_UNINITIALIZED_AUTOS = YES_AGGRESSIVE;
				GCC_WARN_UNUSED_FUNCTION = YES;
				GCC_WARN_UNUSED_VARIABLE = YES;
				IPHONEOS_DEPLOYMENT_TARGET = 10.3;
				MTL_ENABLE_DEBUG_INFO = YES;
				ONLY_ACTIVE_ARCH = YES;
				SDKROOT = iphoneos;
				SWIFT_ACTIVE_COMPILATION_CONDITIONS = DEBUG;
				SWIFT_OPTIMIZATION_LEVEL = "-Onone";
				TARGETED_DEVICE_FAMILY = "1,2";
			};
			name = Debug;
		};
		389FEF661F43553100E658DA /* Release */ = {
			isa = XCBuildConfiguration;
			buildSettings = {
				ALWAYS_SEARCH_USER_PATHS = NO;
				CLANG_ANALYZER_NONNULL = YES;
				CLANG_ANALYZER_NUMBER_OBJECT_CONVERSION = YES_AGGRESSIVE;
				CLANG_CXX_LANGUAGE_STANDARD = "gnu++0x";
				CLANG_CXX_LIBRARY = "libc++";
				CLANG_ENABLE_MODULES = YES;
				CLANG_ENABLE_OBJC_ARC = YES;
				CLANG_WARN_BOOL_CONVERSION = YES;
				CLANG_WARN_CONSTANT_CONVERSION = YES;
				CLANG_WARN_DIRECT_OBJC_ISA_USAGE = YES_ERROR;
				CLANG_WARN_DOCUMENTATION_COMMENTS = YES;
				CLANG_WARN_EMPTY_BODY = YES;
				CLANG_WARN_ENUM_CONVERSION = YES;
				CLANG_WARN_INFINITE_RECURSION = YES;
				CLANG_WARN_INT_CONVERSION = YES;
				CLANG_WARN_OBJC_ROOT_CLASS = YES_ERROR;
				CLANG_WARN_SUSPICIOUS_MOVE = YES;
				CLANG_WARN_UNREACHABLE_CODE = YES;
				CLANG_WARN__DUPLICATE_METHOD_MATCH = YES;
				"CODE_SIGN_IDENTITY[sdk=iphoneos*]" = "iPhone Developer";
				COPY_PHASE_STRIP = NO;
				DEBUG_INFORMATION_FORMAT = "dwarf-with-dsym";
				ENABLE_NS_ASSERTIONS = NO;
				ENABLE_STRICT_OBJC_MSGSEND = YES;
				GCC_C_LANGUAGE_STANDARD = gnu99;
				GCC_NO_COMMON_BLOCKS = YES;
				GCC_WARN_64_TO_32_BIT_CONVERSION = YES;
				GCC_WARN_ABOUT_RETURN_TYPE = YES_ERROR;
				GCC_WARN_UNDECLARED_SELECTOR = YES;
				GCC_WARN_UNINITIALIZED_AUTOS = YES_AGGRESSIVE;
				GCC_WARN_UNUSED_FUNCTION = YES;
				GCC_WARN_UNUSED_VARIABLE = YES;
				IPHONEOS_DEPLOYMENT_TARGET = 10.3;
				MTL_ENABLE_DEBUG_INFO = NO;
				SDKROOT = iphoneos;
				SWIFT_OPTIMIZATION_LEVEL = "-Owholemodule";
				TARGETED_DEVICE_FAMILY = "1,2";
				VALIDATE_PRODUCT = YES;
			};
			name = Release;
		};
		389FEF681F43553100E658DA /* Debug */ = {
			isa = XCBuildConfiguration;
			buildSettings = {
				ASSETCATALOG_COMPILER_APPICON_NAME = AppIcon;
				DEVELOPMENT_TEAM = 7NFJS9H6QK;
				INFOPLIST_FILE = UITestingWinegard/Info.plist;
				LD_RUNPATH_SEARCH_PATHS = "$(inherited) @executable_path/Frameworks";
				PRODUCT_BUNDLE_IDENTIFIER = com.bakalor.UITestingWinegard;
				PRODUCT_NAME = "$(TARGET_NAME)";
				SWIFT_VERSION = 3.0;
			};
			name = Debug;
		};
		389FEF691F43553100E658DA /* Release */ = {
			isa = XCBuildConfiguration;
			buildSettings = {
				ASSETCATALOG_COMPILER_APPICON_NAME = AppIcon;
				DEVELOPMENT_TEAM = 7NFJS9H6QK;
				INFOPLIST_FILE = UITestingWinegard/Info.plist;
				LD_RUNPATH_SEARCH_PATHS = "$(inherited) @executable_path/Frameworks";
				PRODUCT_BUNDLE_IDENTIFIER = com.bakalor.UITestingWinegard;
				PRODUCT_NAME = "$(TARGET_NAME)";
				SWIFT_VERSION = 3.0;
			};
			name = Release;
		};
		389FEF6B1F43553100E658DA /* Debug */ = {
			isa = XCBuildConfiguration;
			buildSettings = {
				ALWAYS_EMBED_SWIFT_STANDARD_LIBRARIES = YES;
				BUNDLE_LOADER = "$(TEST_HOST)";
				DEVELOPMENT_TEAM = 7NFJS9H6QK;
				INFOPLIST_FILE = UITestingWinegardTests/Info.plist;
				LD_RUNPATH_SEARCH_PATHS = "$(inherited) @executable_path/Frameworks @loader_path/Frameworks";
				PRODUCT_BUNDLE_IDENTIFIER = com.bakalor.UITestingWinegardTests;
				PRODUCT_NAME = "$(TARGET_NAME)";
				SWIFT_VERSION = 3.0;
				TEST_HOST = "$(BUILT_PRODUCTS_DIR)/UITestingWinegard.app/UITestingWinegard";
			};
			name = Debug;
		};
		389FEF6C1F43553100E658DA /* Release */ = {
			isa = XCBuildConfiguration;
			buildSettings = {
				ALWAYS_EMBED_SWIFT_STANDARD_LIBRARIES = YES;
				BUNDLE_LOADER = "$(TEST_HOST)";
				DEVELOPMENT_TEAM = 7NFJS9H6QK;
				INFOPLIST_FILE = UITestingWinegardTests/Info.plist;
				LD_RUNPATH_SEARCH_PATHS = "$(inherited) @executable_path/Frameworks @loader_path/Frameworks";
				PRODUCT_BUNDLE_IDENTIFIER = com.bakalor.UITestingWinegardTests;
				PRODUCT_NAME = "$(TARGET_NAME)";
				SWIFT_VERSION = 3.0;
				TEST_HOST = "$(BUILT_PRODUCTS_DIR)/UITestingWinegard.app/UITestingWinegard";
			};
			name = Release;
		};
		389FEF6E1F43553100E658DA /* Debug */ = {
			isa = XCBuildConfiguration;
			buildSettings = {
				ALWAYS_EMBED_SWIFT_STANDARD_LIBRARIES = YES;
				DEVELOPMENT_TEAM = 7NFJS9H6QK;
				INFOPLIST_FILE = UITestingWinegardUITests/Info.plist;
				LD_RUNPATH_SEARCH_PATHS = "$(inherited) @executable_path/Frameworks @loader_path/Frameworks";
				PRODUCT_BUNDLE_IDENTIFIER = com.bakalor.UITestingWinegardUITests;
				PRODUCT_NAME = "$(TARGET_NAME)";
				SWIFT_VERSION = 3.0;
				TEST_TARGET_NAME = UITestingWinegard;
			};
			name = Debug;
		};
		389FEF6F1F43553100E658DA /* Release */ = {
			isa = XCBuildConfiguration;
			buildSettings = {
				ALWAYS_EMBED_SWIFT_STANDARD_LIBRARIES = YES;
				DEVELOPMENT_TEAM = 7NFJS9H6QK;
				INFOPLIST_FILE = UITestingWinegardUITests/Info.plist;
				LD_RUNPATH_SEARCH_PATHS = "$(inherited) @executable_path/Frameworks @loader_path/Frameworks";
				PRODUCT_BUNDLE_IDENTIFIER = com.bakalor.UITestingWinegardUITests;
				PRODUCT_NAME = "$(TARGET_NAME)";
				SWIFT_VERSION = 3.0;
				TEST_TARGET_NAME = UITestingWinegard;
			};
			name = Release;
		};
/* End XCBuildConfiguration section */

/* Begin XCConfigurationList section */
		389FEF3A1F43553100E658DA /* Build configuration list for PBXProject "UITestingWinegard" */ = {
			isa = XCConfigurationList;
			buildConfigurations = (
				389FEF651F43553100E658DA /* Debug */,
				389FEF661F43553100E658DA /* Release */,
			);
			defaultConfigurationIsVisible = 0;
			defaultConfigurationName = Release;
		};
		389FEF671F43553100E658DA /* Build configuration list for PBXNativeTarget "UITestingWinegard" */ = {
			isa = XCConfigurationList;
			buildConfigurations = (
				389FEF681F43553100E658DA /* Debug */,
				389FEF691F43553100E658DA /* Release */,
			);
			defaultConfigurationIsVisible = 0;
		};
		389FEF6A1F43553100E658DA /* Build configuration list for PBXNativeTarget "UITestingWinegardTests" */ = {
			isa = XCConfigurationList;
			buildConfigurations = (
				389FEF6B1F43553100E658DA /* Debug */,
				389FEF6C1F43553100E658DA /* Release */,
			);
			defaultConfigurationIsVisible = 0;
		};
		389FEF6D1F43553100E658DA /* Build configuration list for PBXNativeTarget "UITestingWinegardUITests" */ = {
			isa = XCConfigurationList;
			buildConfigurations = (
				389FEF6E1F43553100E658DA /* Debug */,
				389FEF6F1F43553100E658DA /* Release */,
			);
			defaultConfigurationIsVisible = 0;
		};
/* End XCConfigurationList section */
	};
	rootObject = 389FEF371F43553100E658DA /* Project object */;
}
